// !$*UTF8*$!
{
	archiveVersion = 1;
	classes = {
	};
	objectVersion = 55;
	objects = {

/* Begin PBXBuildFile section */
		B6C34A44294A64440006A075 /* watchApp WatchKit App.app in Embed Watch Content */ = {isa = PBXBuildFile; fileRef = B6C34A43294A64440006A075 /* watchApp WatchKit App.app */; settings = {ATTRIBUTES = (RemoveHeadersOnCopy, ); }; };
		B6C34A4A294A64440006A075 /* Interface.storyboard in Resources */ = {isa = PBXBuildFile; fileRef = B6C34A48294A64440006A075 /* Interface.storyboard */; };
		B6C34A4C294A64450006A075 /* Assets.xcassets in Resources */ = {isa = PBXBuildFile; fileRef = B6C34A4B294A64450006A075 /* Assets.xcassets */; };
		B6C34A52294A64460006A075 /* watchApp WatchKit Extension.appex in Embed App Extensions */ = {isa = PBXBuildFile; fileRef = B6C34A51294A64460006A075 /* watchApp WatchKit Extension.appex */; settings = {ATTRIBUTES = (RemoveHeadersOnCopy, ); }; };
		B6C34A57294A64460006A075 /* InterfaceController.swift in Sources */ = {isa = PBXBuildFile; fileRef = B6C34A56294A64460006A075 /* InterfaceController.swift */; };
		B6C34A59294A64460006A075 /* ExtensionDelegate.swift in Sources */ = {isa = PBXBuildFile; fileRef = B6C34A58294A64460006A075 /* ExtensionDelegate.swift */; };
		B6C34A5B294A64460006A075 /* NotificationController.swift in Sources */ = {isa = PBXBuildFile; fileRef = B6C34A5A294A64460006A075 /* NotificationController.swift */; };
		B6C34A5D294A64460006A075 /* ComplicationController.swift in Sources */ = {isa = PBXBuildFile; fileRef = B6C34A5C294A64460006A075 /* ComplicationController.swift */; };
		B6C34A5F294A64480006A075 /* Assets.xcassets in Resources */ = {isa = PBXBuildFile; fileRef = B6C34A5E294A64480006A075 /* Assets.xcassets */; };
		B6C34A75294A68010006A075 /* watchApp2 WatchKit App.app in Embed Watch Content */ = {isa = PBXBuildFile; fileRef = B6C34A74294A68010006A075 /* watchApp2 WatchKit App.app */; settings = {ATTRIBUTES = (RemoveHeadersOnCopy, ); }; };
		B6C34A83294A68040006A075 /* watchApp2 WatchKit Extension.appex in Embed App Extensions */ = {isa = PBXBuildFile; fileRef = B6C34A82294A68040006A075 /* watchApp2 WatchKit Extension.appex */; settings = {ATTRIBUTES = (RemoveHeadersOnCopy, ); }; };
/* End PBXBuildFile section */

/* Begin PBXContainerItemProxy section */
		B6C34A45294A64440006A075 /* PBXContainerItemProxy */ = {
			isa = PBXContainerItemProxy;
			containerPortal = B6C34A39294A64430006A075 /* Project object */;
			proxyType = 1;
			remoteGlobalIDString = B6C34A42294A64440006A075;
			remoteInfo = "watchApp WatchKit App";
		};
		B6C34A53294A64460006A075 /* PBXContainerItemProxy */ = {
			isa = PBXContainerItemProxy;
			containerPortal = B6C34A39294A64430006A075 /* Project object */;
			proxyType = 1;
			remoteGlobalIDString = B6C34A50294A64460006A075;
			remoteInfo = "watchApp WatchKit Extension";
		};
		B6C34A76294A68010006A075 /* PBXContainerItemProxy */ = {
			isa = PBXContainerItemProxy;
			containerPortal = B6C34A39294A64430006A075 /* Project object */;
			proxyType = 1;
			remoteGlobalIDString = B6C34A73294A68010006A075;
			remoteInfo = "watchApp2 WatchKit App";
		};
		B6C34A84294A68040006A075 /* PBXContainerItemProxy */ = {
			isa = PBXContainerItemProxy;
			containerPortal = B6C34A39294A64430006A075 /* Project object */;
			proxyType = 1;
			remoteGlobalIDString = B6C34A81294A68040006A075;
			remoteInfo = "watchApp2 WatchKit Extension";
		};
/* End PBXContainerItemProxy section */

/* Begin PBXCopyFilesBuildPhase section */
		B6C34A67294A64480006A075 /* Embed App Extensions */ = {
			isa = PBXCopyFilesBuildPhase;
			buildActionMask = 2147483647;
			dstPath = "";
			dstSubfolderSpec = 13;
			files = (
				B6C34A52294A64460006A075 /* watchApp WatchKit Extension.appex in Embed App Extensions */,
			);
			name = "Embed App Extensions";
			runOnlyForDeploymentPostprocessing = 0;
		};
		B6C34A6B294A64480006A075 /* Embed Watch Content */ = {
			isa = PBXCopyFilesBuildPhase;
			buildActionMask = 2147483647;
			dstPath = "$(CONTENTS_FOLDER_PATH)/Watch";
			dstSubfolderSpec = 16;
			files = (
				B6C34A44294A64440006A075 /* watchApp WatchKit App.app in Embed Watch Content */,
			);
			name = "Embed Watch Content";
			runOnlyForDeploymentPostprocessing = 0;
		};
		B6C34A96294A68060006A075 /* Embed App Extensions */ = {
			isa = PBXCopyFilesBuildPhase;
			buildActionMask = 2147483647;
			dstPath = "";
			dstSubfolderSpec = 13;
			files = (
				B6C34A83294A68040006A075 /* watchApp2 WatchKit Extension.appex in Embed App Extensions */,
			);
			name = "Embed App Extensions";
			runOnlyForDeploymentPostprocessing = 0;
		};
		B6C34A9A294A68060006A075 /* Embed Watch Content */ = {
			isa = PBXCopyFilesBuildPhase;
			buildActionMask = 2147483647;
			dstPath = "$(CONTENTS_FOLDER_PATH)/Watch";
			dstSubfolderSpec = 16;
			files = (
				B6C34A75294A68010006A075 /* watchApp2 WatchKit App.app in Embed Watch Content */,
			);
			name = "Embed Watch Content";
			runOnlyForDeploymentPostprocessing = 0;
		};
/* End PBXCopyFilesBuildPhase section */

/* Begin PBXFileReference section */
		B6C34A3F294A64430006A075 /* watchApp.app */ = {isa = PBXFileReference; explicitFileType = wrapper.application; includeInIndex = 0; path = watchApp.app; sourceTree = BUILT_PRODUCTS_DIR; };
		B6C34A43294A64440006A075 /* watchApp WatchKit App.app */ = {isa = PBXFileReference; explicitFileType = wrapper.application; includeInIndex = 0; path = "watchApp WatchKit App.app"; sourceTree = BUILT_PRODUCTS_DIR; };
		B6C34A49294A64440006A075 /* Base */ = {isa = PBXFileReference; lastKnownFileType = file.storyboard; name = Base; path = Base.lproj/Interface.storyboard; sourceTree = "<group>"; };
		B6C34A4B294A64450006A075 /* Assets.xcassets */ = {isa = PBXFileReference; lastKnownFileType = folder.assetcatalog; path = Assets.xcassets; sourceTree = "<group>"; };
		B6C34A51294A64460006A075 /* watchApp WatchKit Extension.appex */ = {isa = PBXFileReference; explicitFileType = "wrapper.app-extension"; includeInIndex = 0; path = "watchApp WatchKit Extension.appex"; sourceTree = BUILT_PRODUCTS_DIR; };
		B6C34A56294A64460006A075 /* InterfaceController.swift */ = {isa = PBXFileReference; lastKnownFileType = sourcecode.swift; path = InterfaceController.swift; sourceTree = "<group>"; };
		B6C34A58294A64460006A075 /* ExtensionDelegate.swift */ = {isa = PBXFileReference; lastKnownFileType = sourcecode.swift; path = ExtensionDelegate.swift; sourceTree = "<group>"; };
		B6C34A5A294A64460006A075 /* NotificationController.swift */ = {isa = PBXFileReference; lastKnownFileType = sourcecode.swift; path = NotificationController.swift; sourceTree = "<group>"; };
		B6C34A5C294A64460006A075 /* ComplicationController.swift */ = {isa = PBXFileReference; lastKnownFileType = sourcecode.swift; path = ComplicationController.swift; sourceTree = "<group>"; };
		B6C34A5E294A64480006A075 /* Assets.xcassets */ = {isa = PBXFileReference; lastKnownFileType = folder.assetcatalog; path = Assets.xcassets; sourceTree = "<group>"; };
		B6C34A60294A64480006A075 /* Info.plist */ = {isa = PBXFileReference; lastKnownFileType = text.plist.xml; path = Info.plist; sourceTree = "<group>"; };
		B6C34A61294A64480006A075 /* PushNotificationPayload.apns */ = {isa = PBXFileReference; lastKnownFileType = text; path = PushNotificationPayload.apns; sourceTree = "<group>"; };
		B6C34A71294A68010006A075 /* watchApp2.app */ = {isa = PBXFileReference; explicitFileType = wrapper.application; includeInIndex = 0; path = watchApp2.app; sourceTree = BUILT_PRODUCTS_DIR; };
		B6C34A74294A68010006A075 /* watchApp2 WatchKit App.app */ = {isa = PBXFileReference; explicitFileType = wrapper.application; includeInIndex = 0; path = "watchApp2 WatchKit App.app"; sourceTree = BUILT_PRODUCTS_DIR; };
		B6C34A82294A68040006A075 /* watchApp2 WatchKit Extension.appex */ = {isa = PBXFileReference; explicitFileType = "wrapper.app-extension"; includeInIndex = 0; path = "watchApp2 WatchKit Extension.appex"; sourceTree = BUILT_PRODUCTS_DIR; };
/* End PBXFileReference section */

/* Begin PBXFrameworksBuildPhase section */
		B6C34A4E294A64460006A075 /* Frameworks */ = {
			isa = PBXFrameworksBuildPhase;
			buildActionMask = 2147483647;
			files = (
			);
			runOnlyForDeploymentPostprocessing = 0;
		};
		B6C34A7F294A68040006A075 /* Frameworks */ = {
			isa = PBXFrameworksBuildPhase;
			buildActionMask = 2147483647;
			files = (
			);
			runOnlyForDeploymentPostprocessing = 0;
		};
/* End PBXFrameworksBuildPhase section */

/* Begin PBXGroup section */
		B6C34A38294A64430006A075 = {
			isa = PBXGroup;
			children = (
				B6C34A47294A64440006A075 /* watchApp WatchKit App */,
				B6C34A55294A64460006A075 /* watchApp WatchKit Extension */,
				B6C34A40294A64430006A075 /* Products */,
			);
			sourceTree = "<group>";
		};
		B6C34A40294A64430006A075 /* Products */ = {
			isa = PBXGroup;
			children = (
				B6C34A3F294A64430006A075 /* watchApp.app */,
				B6C34A43294A64440006A075 /* watchApp WatchKit App.app */,
				B6C34A51294A64460006A075 /* watchApp WatchKit Extension.appex */,
				B6C34A71294A68010006A075 /* watchApp2.app */,
				B6C34A74294A68010006A075 /* watchApp2 WatchKit App.app */,
				B6C34A82294A68040006A075 /* watchApp2 WatchKit Extension.appex */,
			);
			name = Products;
			sourceTree = "<group>";
		};
		B6C34A47294A64440006A075 /* watchApp WatchKit App */ = {
			isa = PBXGroup;
			children = (
				B6C34A48294A64440006A075 /* Interface.storyboard */,
				B6C34A4B294A64450006A075 /* Assets.xcassets */,
			);
			path = "watchApp WatchKit App";
			sourceTree = "<group>";
		};
		B6C34A55294A64460006A075 /* watchApp WatchKit Extension */ = {
			isa = PBXGroup;
			children = (
				B6C34A56294A64460006A075 /* InterfaceController.swift */,
				B6C34A58294A64460006A075 /* ExtensionDelegate.swift */,
				B6C34A5A294A64460006A075 /* NotificationController.swift */,
				B6C34A5C294A64460006A075 /* ComplicationController.swift */,
				B6C34A5E294A64480006A075 /* Assets.xcassets */,
				B6C34A60294A64480006A075 /* Info.plist */,
				B6C34A61294A64480006A075 /* PushNotificationPayload.apns */,
			);
			path = "watchApp WatchKit Extension";
			sourceTree = "<group>";
		};
/* End PBXGroup section */

/* Begin PBXNativeTarget section */
		B6C34A3E294A64430006A075 /* watchApp */ = {
			isa = PBXNativeTarget;
			buildConfigurationList = B6C34A6C294A64480006A075 /* Build configuration list for PBXNativeTarget "watchApp" */;
			buildPhases = (
				B6C34A3D294A64430006A075 /* Resources */,
				B6C34A6B294A64480006A075 /* Embed Watch Content */,
			);
			buildRules = (
			);
			dependencies = (
				B6C34A46294A64440006A075 /* PBXTargetDependency */,
			);
			name = watchApp;
			productName = watchApp;
			productReference = B6C34A3F294A64430006A075 /* watchApp.app */;
			productType = "com.apple.product-type.application.watchapp2-container";
		};
		B6C34A42294A64440006A075 /* watchApp WatchKit App */ = {
			isa = PBXNativeTarget;
			buildConfigurationList = B6C34A68294A64480006A075 /* Build configuration list for PBXNativeTarget "watchApp WatchKit App" */;
			buildPhases = (
				B6C34A41294A64440006A075 /* Resources */,
				B6C34A67294A64480006A075 /* Embed App Extensions */,
			);
			buildRules = (
			);
			dependencies = (
				B6C34A54294A64460006A075 /* PBXTargetDependency */,
			);
			name = "watchApp WatchKit App";
			productName = "watchApp WatchKit App";
			productReference = B6C34A43294A64440006A075 /* watchApp WatchKit App.app */;
			productType = "com.apple.product-type.application.watchapp2";
		};
		B6C34A50294A64460006A075 /* watchApp WatchKit Extension */ = {
			isa = PBXNativeTarget;
			buildConfigurationList = B6C34A64294A64480006A075 /* Build configuration list for PBXNativeTarget "watchApp WatchKit Extension" */;
			buildPhases = (
				B6C34A4D294A64460006A075 /* Sources */,
				B6C34A4E294A64460006A075 /* Frameworks */,
				B6C34A4F294A64460006A075 /* Resources */,
			);
			buildRules = (
			);
			dependencies = (
			);
			name = "watchApp WatchKit Extension";
			productName = "watchApp WatchKit Extension";
			productReference = B6C34A51294A64460006A075 /* watchApp WatchKit Extension.appex */;
			productType = "com.apple.product-type.watchkit2-extension";
		};
		B6C34A70294A68010006A075 /* watchApp2 */ = {
			isa = PBXNativeTarget;
			buildConfigurationList = B6C34A9B294A68060006A075 /* Build configuration list for PBXNativeTarget "watchApp2" */;
			buildPhases = (
				B6C34A6F294A68010006A075 /* Resources */,
				B6C34A9A294A68060006A075 /* Embed Watch Content */,
			);
			buildRules = (
			);
			dependencies = (
				B6C34A77294A68010006A075 /* PBXTargetDependency */,
			);
			name = watchApp2;
			productName = watchApp2;
			productReference = B6C34A71294A68010006A075 /* watchApp2.app */;
			productType = "com.apple.product-type.application.watchapp2-container";
		};
		B6C34A73294A68010006A075 /* watchApp2 WatchKit App */ = {
			isa = PBXNativeTarget;
			buildConfigurationList = B6C34A97294A68060006A075 /* Build configuration list for PBXNativeTarget "watchApp2 WatchKit App" */;
			buildPhases = (
				B6C34A72294A68010006A075 /* Resources */,
				B6C34A96294A68060006A075 /* Embed App Extensions */,
			);
			buildRules = (
			);
			dependencies = (
				B6C34A85294A68040006A075 /* PBXTargetDependency */,
			);
			name = "watchApp2 WatchKit App";
			productName = "watchApp2 WatchKit App";
			productReference = B6C34A74294A68010006A075 /* watchApp2 WatchKit App.app */;
			productType = "com.apple.product-type.application.watchapp2";
		};
		B6C34A81294A68040006A075 /* watchApp2 WatchKit Extension */ = {
			isa = PBXNativeTarget;
			buildConfigurationList = B6C34A93294A68060006A075 /* Build configuration list for PBXNativeTarget "watchApp2 WatchKit Extension" */;
			buildPhases = (
				B6C34A7E294A68040006A075 /* Sources */,
				B6C34A7F294A68040006A075 /* Frameworks */,
				B6C34A80294A68040006A075 /* Resources */,
			);
			buildRules = (
			);
			dependencies = (
			);
			name = "watchApp2 WatchKit Extension";
			productName = "watchApp2 WatchKit Extension";
			productReference = B6C34A82294A68040006A075 /* watchApp2 WatchKit Extension.appex */;
			productType = "com.apple.product-type.watchkit2-extension";
		};
/* End PBXNativeTarget section */

/* Begin PBXProject section */
		B6C34A39294A64430006A075 /* Project object */ = {
			isa = PBXProject;
			attributes = {
				BuildIndependentTargetsInParallel = 1;
				LastSwiftUpdateCheck = 1340;
				LastUpgradeCheck = 1340;
				TargetAttributes = {
					B6C34A3E294A64430006A075 = {
						CreatedOnToolsVersion = 13.4.1;
					};
					B6C34A42294A64440006A075 = {
						CreatedOnToolsVersion = 13.4.1;
					};
					B6C34A50294A64460006A075 = {
						CreatedOnToolsVersion = 13.4.1;
					};
					B6C34A70294A68010006A075 = {
						CreatedOnToolsVersion = 13.4.1;
					};
					B6C34A73294A68010006A075 = {
						CreatedOnToolsVersion = 13.4.1;
					};
					B6C34A81294A68040006A075 = {
						CreatedOnToolsVersion = 13.4.1;
					};
				};
			};
			buildConfigurationList = B6C34A3C294A64430006A075 /* Build configuration list for PBXProject "watchApp" */;
			compatibilityVersion = "Xcode 13.0";
			developmentRegion = en;
			hasScannedForEncodings = 0;
			knownRegions = (
				en,
				Base,
			);
			mainGroup = B6C34A38294A64430006A075;
			productRefGroup = B6C34A40294A64430006A075 /* Products */;
			projectDirPath = "";
			projectRoot = "";
			targets = (
				B6C34A3E294A64430006A075 /* watchApp */,
				B6C34A42294A64440006A075 /* watchApp WatchKit App */,
				B6C34A50294A64460006A075 /* watchApp WatchKit Extension */,
				B6C34A70294A68010006A075 /* watchApp2 */,
				B6C34A73294A68010006A075 /* watchApp2 WatchKit App */,
				B6C34A81294A68040006A075 /* watchApp2 WatchKit Extension */,
			);
		};
/* End PBXProject section */

/* Begin PBXResourcesBuildPhase section */
		B6C34A3D294A64430006A075 /* Resources */ = {
			isa = PBXResourcesBuildPhase;
			buildActionMask = 2147483647;
			files = (
			);
			runOnlyForDeploymentPostprocessing = 0;
		};
		B6C34A41294A64440006A075 /* Resources */ = {
			isa = PBXResourcesBuildPhase;
			buildActionMask = 2147483647;
			files = (
				B6C34A4C294A64450006A075 /* Assets.xcassets in Resources */,
				B6C34A4A294A64440006A075 /* Interface.storyboard in Resources */,
			);
			runOnlyForDeploymentPostprocessing = 0;
		};
		B6C34A4F294A64460006A075 /* Resources */ = {
			isa = PBXResourcesBuildPhase;
			buildActionMask = 2147483647;
			files = (
				B6C34A5F294A64480006A075 /* Assets.xcassets in Resources */,
			);
			runOnlyForDeploymentPostprocessing = 0;
		};
		B6C34A6F294A68010006A075 /* Resources */ = {
			isa = PBXResourcesBuildPhase;
			buildActionMask = 2147483647;
			files = (
			);
			runOnlyForDeploymentPostprocessing = 0;
		};
		B6C34A72294A68010006A075 /* Resources */ = {
			isa = PBXResourcesBuildPhase;
			buildActionMask = 2147483647;
			files = (
			);
			runOnlyForDeploymentPostprocessing = 0;
		};
		B6C34A80294A68040006A075 /* Resources */ = {
			isa = PBXResourcesBuildPhase;
			buildActionMask = 2147483647;
			files = (
			);
			runOnlyForDeploymentPostprocessing = 0;
		};
/* End PBXResourcesBuildPhase section */

/* Begin PBXSourcesBuildPhase section */
		B6C34A4D294A64460006A075 /* Sources */ = {
			isa = PBXSourcesBuildPhase;
			buildActionMask = 2147483647;
			files = (
				B6C34A5B294A64460006A075 /* NotificationController.swift in Sources */,
				B6C34A5D294A64460006A075 /* ComplicationController.swift in Sources */,
				B6C34A59294A64460006A075 /* ExtensionDelegate.swift in Sources */,
				B6C34A57294A64460006A075 /* InterfaceController.swift in Sources */,
			);
			runOnlyForDeploymentPostprocessing = 0;
		};
		B6C34A7E294A68040006A075 /* Sources */ = {
			isa = PBXSourcesBuildPhase;
			buildActionMask = 2147483647;
			files = (
			);
			runOnlyForDeploymentPostprocessing = 0;
		};
/* End PBXSourcesBuildPhase section */

/* Begin PBXTargetDependency section */
		B6C34A46294A64440006A075 /* PBXTargetDependency */ = {
			isa = PBXTargetDependency;
			target = B6C34A42294A64440006A075 /* watchApp WatchKit App */;
			targetProxy = B6C34A45294A64440006A075 /* PBXContainerItemProxy */;
		};
		B6C34A54294A64460006A075 /* PBXTargetDependency */ = {
			isa = PBXTargetDependency;
			target = B6C34A50294A64460006A075 /* watchApp WatchKit Extension */;
			targetProxy = B6C34A53294A64460006A075 /* PBXContainerItemProxy */;
		};
		B6C34A77294A68010006A075 /* PBXTargetDependency */ = {
			isa = PBXTargetDependency;
			target = B6C34A73294A68010006A075 /* watchApp2 WatchKit App */;
			targetProxy = B6C34A76294A68010006A075 /* PBXContainerItemProxy */;
		};
		B6C34A85294A68040006A075 /* PBXTargetDependency */ = {
			isa = PBXTargetDependency;
			target = B6C34A81294A68040006A075 /* watchApp2 WatchKit Extension */;
			targetProxy = B6C34A84294A68040006A075 /* PBXContainerItemProxy */;
		};
/* End PBXTargetDependency section */

/* Begin PBXVariantGroup section */
		B6C34A48294A64440006A075 /* Interface.storyboard */ = {
			isa = PBXVariantGroup;
			children = (
				B6C34A49294A64440006A075 /* Base */,
			);
			name = Interface.storyboard;
			sourceTree = "<group>";
		};
/* End PBXVariantGroup section */

/* Begin XCBuildConfiguration section */
		B6C34A62294A64480006A075 /* Debug */ = {
			isa = XCBuildConfiguration;
			buildSettings = {
				ALWAYS_SEARCH_USER_PATHS = NO;
				CLANG_ANALYZER_NONNULL = YES;
				CLANG_ANALYZER_NUMBER_OBJECT_CONVERSION = YES_AGGRESSIVE;
				CLANG_CXX_LANGUAGE_STANDARD = "gnu++17";
				CLANG_ENABLE_MODULES = YES;
				CLANG_ENABLE_OBJC_ARC = YES;
				CLANG_ENABLE_OBJC_WEAK = YES;
				CLANG_WARN_BLOCK_CAPTURE_AUTORELEASING = YES;
				CLANG_WARN_BOOL_CONVERSION = YES;
				CLANG_WARN_COMMA = YES;
				CLANG_WARN_CONSTANT_CONVERSION = YES;
				CLANG_WARN_DEPRECATED_OBJC_IMPLEMENTATIONS = YES;
				CLANG_WARN_DIRECT_OBJC_ISA_USAGE = YES_ERROR;
				CLANG_WARN_DOCUMENTATION_COMMENTS = YES;
				CLANG_WARN_EMPTY_BODY = YES;
				CLANG_WARN_ENUM_CONVERSION = YES;
				CLANG_WARN_INFINITE_RECURSION = YES;
				CLANG_WARN_INT_CONVERSION = YES;
				CLANG_WARN_NON_LITERAL_NULL_CONVERSION = YES;
				CLANG_WARN_OBJC_IMPLICIT_RETAIN_SELF = YES;
				CLANG_WARN_OBJC_LITERAL_CONVERSION = YES;
				CLANG_WARN_OBJC_ROOT_CLASS = YES_ERROR;
				CLANG_WARN_QUOTED_INCLUDE_IN_FRAMEWORK_HEADER = YES;
				CLANG_WARN_RANGE_LOOP_ANALYSIS = YES;
				CLANG_WARN_STRICT_PROTOTYPES = YES;
				CLANG_WARN_SUSPICIOUS_MOVE = YES;
				CLANG_WARN_UNGUARDED_AVAILABILITY = YES_AGGRESSIVE;
				CLANG_WARN_UNREACHABLE_CODE = YES;
				CLANG_WARN__DUPLICATE_METHOD_MATCH = YES;
				COPY_PHASE_STRIP = NO;
				DEBUG_INFORMATION_FORMAT = dwarf;
				ENABLE_STRICT_OBJC_MSGSEND = YES;
				ENABLE_TESTABILITY = YES;
				GCC_C_LANGUAGE_STANDARD = gnu11;
				GCC_DYNAMIC_NO_PIC = NO;
				GCC_NO_COMMON_BLOCKS = YES;
				GCC_OPTIMIZATION_LEVEL = 0;
				GCC_PREPROCESSOR_DEFINITIONS = (
					"DEBUG=1",
					"$(inherited)",
				);
				GCC_WARN_64_TO_32_BIT_CONVERSION = YES;
				GCC_WARN_ABOUT_RETURN_TYPE = YES_ERROR;
				GCC_WARN_UNDECLARED_SELECTOR = YES;
				GCC_WARN_UNINITIALIZED_AUTOS = YES_AGGRESSIVE;
				GCC_WARN_UNUSED_FUNCTION = YES;
				GCC_WARN_UNUSED_VARIABLE = YES;
				MTL_ENABLE_DEBUG_INFO = INCLUDE_SOURCE;
				MTL_FAST_MATH = YES;
				ONLY_ACTIVE_ARCH = YES;
				SDKROOT = iphoneos;
				SWIFT_ACTIVE_COMPILATION_CONDITIONS = DEBUG;
				SWIFT_OPTIMIZATION_LEVEL = "-Onone";
			};
			name = Debug;
		};
		B6C34A63294A64480006A075 /* Release */ = {
			isa = XCBuildConfiguration;
			buildSettings = {
				ALWAYS_SEARCH_USER_PATHS = NO;
				CLANG_ANALYZER_NONNULL = YES;
				CLANG_ANALYZER_NUMBER_OBJECT_CONVERSION = YES_AGGRESSIVE;
				CLANG_CXX_LANGUAGE_STANDARD = "gnu++17";
				CLANG_ENABLE_MODULES = YES;
				CLANG_ENABLE_OBJC_ARC = YES;
				CLANG_ENABLE_OBJC_WEAK = YES;
				CLANG_WARN_BLOCK_CAPTURE_AUTORELEASING = YES;
				CLANG_WARN_BOOL_CONVERSION = YES;
				CLANG_WARN_COMMA = YES;
				CLANG_WARN_CONSTANT_CONVERSION = YES;
				CLANG_WARN_DEPRECATED_OBJC_IMPLEMENTATIONS = YES;
				CLANG_WARN_DIRECT_OBJC_ISA_USAGE = YES_ERROR;
				CLANG_WARN_DOCUMENTATION_COMMENTS = YES;
				CLANG_WARN_EMPTY_BODY = YES;
				CLANG_WARN_ENUM_CONVERSION = YES;
				CLANG_WARN_INFINITE_RECURSION = YES;
				CLANG_WARN_INT_CONVERSION = YES;
				CLANG_WARN_NON_LITERAL_NULL_CONVERSION = YES;
				CLANG_WARN_OBJC_IMPLICIT_RETAIN_SELF = YES;
				CLANG_WARN_OBJC_LITERAL_CONVERSION = YES;
				CLANG_WARN_OBJC_ROOT_CLASS = YES_ERROR;
				CLANG_WARN_QUOTED_INCLUDE_IN_FRAMEWORK_HEADER = YES;
				CLANG_WARN_RANGE_LOOP_ANALYSIS = YES;
				CLANG_WARN_STRICT_PROTOTYPES = YES;
				CLANG_WARN_SUSPICIOUS_MOVE = YES;
				CLANG_WARN_UNGUARDED_AVAILABILITY = YES_AGGRESSIVE;
				CLANG_WARN_UNREACHABLE_CODE = YES;
				CLANG_WARN__DUPLICATE_METHOD_MATCH = YES;
				COPY_PHASE_STRIP = NO;
				DEBUG_INFORMATION_FORMAT = "dwarf-with-dsym";
				ENABLE_NS_ASSERTIONS = NO;
				ENABLE_STRICT_OBJC_MSGSEND = YES;
				GCC_C_LANGUAGE_STANDARD = gnu11;
				GCC_NO_COMMON_BLOCKS = YES;
				GCC_WARN_64_TO_32_BIT_CONVERSION = YES;
				GCC_WARN_ABOUT_RETURN_TYPE = YES_ERROR;
				GCC_WARN_UNDECLARED_SELECTOR = YES;
				GCC_WARN_UNINITIALIZED_AUTOS = YES_AGGRESSIVE;
				GCC_WARN_UNUSED_FUNCTION = YES;
				GCC_WARN_UNUSED_VARIABLE = YES;
				MTL_ENABLE_DEBUG_INFO = NO;
				MTL_FAST_MATH = YES;
				SDKROOT = iphoneos;
				SWIFT_COMPILATION_MODE = wholemodule;
				SWIFT_OPTIMIZATION_LEVEL = "-O";
				VALIDATE_PRODUCT = YES;
			};
			name = Release;
		};
		B6C34A65294A64480006A075 /* Debug */ = {
			isa = XCBuildConfiguration;
			buildSettings = {
				ASSETCATALOG_COMPILER_COMPLICATION_NAME = Complication;
				CODE_SIGN_STYLE = Automatic;
				CURRENT_PROJECT_VERSION = 1;
				GENERATE_INFOPLIST_FILE = YES;
				INFOPLIST_FILE = "watchApp WatchKit Extension/Info.plist";
				INFOPLIST_KEY_CFBundleDisplayName = "watchApp WatchKit Extension";
				INFOPLIST_KEY_CLKComplicationPrincipalClass = "$(PRODUCT_MODULE_NAME).ComplicationController";
				INFOPLIST_KEY_NSHumanReadableCopyright = "";
				INFOPLIST_KEY_WKExtensionDelegateClassName = "$(PRODUCT_MODULE_NAME).ExtensionDelegate";
				INFOPLIST_KEY_WKWatchOnly = YES;
				LD_RUNPATH_SEARCH_PATHS = (
					"$(inherited)",
					"@executable_path/Frameworks",
					"@executable_path/../../Frameworks",
				);
				MARKETING_VERSION = 1.0;
				PRODUCT_BUNDLE_IDENTIFIER = edu.gmu.watchApp.watchkitapp.watchkitextension;
				PRODUCT_NAME = "${TARGET_NAME}";
				SDKROOT = watchos;
				SKIP_INSTALL = YES;
				SWIFT_EMIT_LOC_STRINGS = YES;
				SWIFT_VERSION = 5.0;
				TARGETED_DEVICE_FAMILY = 4;
				WATCHOS_DEPLOYMENT_TARGET = 8.5;
			};
			name = Debug;
		};
		B6C34A66294A64480006A075 /* Release */ = {
			isa = XCBuildConfiguration;
			buildSettings = {
				ASSETCATALOG_COMPILER_COMPLICATION_NAME = Complication;
				CODE_SIGN_STYLE = Automatic;
				CURRENT_PROJECT_VERSION = 1;
				GENERATE_INFOPLIST_FILE = YES;
				INFOPLIST_FILE = "watchApp WatchKit Extension/Info.plist";
				INFOPLIST_KEY_CFBundleDisplayName = "watchApp WatchKit Extension";
				INFOPLIST_KEY_CLKComplicationPrincipalClass = "$(PRODUCT_MODULE_NAME).ComplicationController";
				INFOPLIST_KEY_NSHumanReadableCopyright = "";
				INFOPLIST_KEY_WKExtensionDelegateClassName = "$(PRODUCT_MODULE_NAME).ExtensionDelegate";
				INFOPLIST_KEY_WKWatchOnly = YES;
				LD_RUNPATH_SEARCH_PATHS = (
					"$(inherited)",
					"@executable_path/Frameworks",
					"@executable_path/../../Frameworks",
				);
				MARKETING_VERSION = 1.0;
				PRODUCT_BUNDLE_IDENTIFIER = edu.gmu.watchApp.watchkitapp.watchkitextension;
				PRODUCT_NAME = "${TARGET_NAME}";
				SDKROOT = watchos;
				SKIP_INSTALL = YES;
				SWIFT_EMIT_LOC_STRINGS = YES;
				SWIFT_VERSION = 5.0;
				TARGETED_DEVICE_FAMILY = 4;
				WATCHOS_DEPLOYMENT_TARGET = 8.5;
			};
			name = Release;
		};
		B6C34A69294A64480006A075 /* Debug */ = {
			isa = XCBuildConfiguration;
			buildSettings = {
				ALWAYS_EMBED_SWIFT_STANDARD_LIBRARIES = YES;
				ASSETCATALOG_COMPILER_APPICON_NAME = AppIcon;
				ASSETCATALOG_COMPILER_GLOBAL_ACCENT_COLOR_NAME = AccentColor;
				CODE_SIGN_STYLE = Automatic;
				CURRENT_PROJECT_VERSION = 1;
				GENERATE_INFOPLIST_FILE = YES;
				IBSC_MODULE = watchApp_WatchKit_Extension;
				INFOPLIST_KEY_CFBundleDisplayName = "watchApp WatchKit App";
				INFOPLIST_KEY_UISupportedInterfaceOrientations = "UIInterfaceOrientationPortrait UIInterfaceOrientationPortraitUpsideDown";
				MARKETING_VERSION = 1.0;
				PRODUCT_BUNDLE_IDENTIFIER = edu.gmu.watchApp.watchkitapp;
				PRODUCT_NAME = "$(TARGET_NAME)";
				SDKROOT = watchos;
				SKIP_INSTALL = YES;
				SWIFT_EMIT_LOC_STRINGS = YES;
				SWIFT_VERSION = 5.0;
				TARGETED_DEVICE_FAMILY = 4;
				WATCHOS_DEPLOYMENT_TARGET = 8.5;
			};
			name = Debug;
		};
		B6C34A6A294A64480006A075 /* Release */ = {
			isa = XCBuildConfiguration;
			buildSettings = {
				ALWAYS_EMBED_SWIFT_STANDARD_LIBRARIES = YES;
				ASSETCATALOG_COMPILER_APPICON_NAME = AppIcon;
				ASSETCATALOG_COMPILER_GLOBAL_ACCENT_COLOR_NAME = AccentColor;
				CODE_SIGN_STYLE = Automatic;
				CURRENT_PROJECT_VERSION = 1;
				GENERATE_INFOPLIST_FILE = YES;
				IBSC_MODULE = watchApp_WatchKit_Extension;
				INFOPLIST_KEY_CFBundleDisplayName = "watchApp WatchKit App";
				INFOPLIST_KEY_UISupportedInterfaceOrientations = "UIInterfaceOrientationPortrait UIInterfaceOrientationPortraitUpsideDown";
				MARKETING_VERSION = 1.0;
				PRODUCT_BUNDLE_IDENTIFIER = edu.gmu.watchApp.watchkitapp;
				PRODUCT_NAME = "$(TARGET_NAME)";
				SDKROOT = watchos;
				SKIP_INSTALL = YES;
				SWIFT_EMIT_LOC_STRINGS = YES;
				SWIFT_VERSION = 5.0;
				TARGETED_DEVICE_FAMILY = 4;
				WATCHOS_DEPLOYMENT_TARGET = 8.5;
			};
			name = Release;
		};
		B6C34A6D294A64480006A075 /* Debug */ = {
			isa = XCBuildConfiguration;
			buildSettings = {
				CODE_SIGN_STYLE = Automatic;
				CURRENT_PROJECT_VERSION = 1;
				MARKETING_VERSION = 1.0;
				PRODUCT_BUNDLE_IDENTIFIER = edu.gmu.watchApp;
				PRODUCT_NAME = "$(TARGET_NAME)";
				SWIFT_VERSION = 5.0;
			};
			name = Debug;
		};
		B6C34A6E294A64480006A075 /* Release */ = {
			isa = XCBuildConfiguration;
			buildSettings = {
				CODE_SIGN_STYLE = Automatic;
				CURRENT_PROJECT_VERSION = 1;
				MARKETING_VERSION = 1.0;
				PRODUCT_BUNDLE_IDENTIFIER = edu.gmu.watchApp;
				PRODUCT_NAME = "$(TARGET_NAME)";
				SWIFT_VERSION = 5.0;
			};
			name = Release;
		};
		B6C34A94294A68060006A075 /* Debug */ = {
			isa = XCBuildConfiguration;
			buildSettings = {
				ASSETCATALOG_COMPILER_COMPLICATION_NAME = Complication;
				CODE_SIGN_STYLE = Automatic;
				CURRENT_PROJECT_VERSION = 1;
				GENERATE_INFOPLIST_FILE = YES;
				INFOPLIST_FILE = "watchApp2 WatchKit Extension/Info.plist";
				INFOPLIST_KEY_CFBundleDisplayName = "watchApp2 WatchKit Extension";
				INFOPLIST_KEY_CLKComplicationPrincipalClass = "$(PRODUCT_MODULE_NAME).ComplicationController";
				INFOPLIST_KEY_NSHumanReadableCopyright = "";
				INFOPLIST_KEY_WKExtensionDelegateClassName = "$(PRODUCT_MODULE_NAME).ExtensionDelegate";
				INFOPLIST_KEY_WKWatchOnly = YES;
				LD_RUNPATH_SEARCH_PATHS = (
					"$(inherited)",
					"@executable_path/Frameworks",
					"@executable_path/../../Frameworks",
				);
				MARKETING_VERSION = 1.0;
				PRODUCT_BUNDLE_IDENTIFIER = edu.gmu.watchApp2.watchkitapp.watchkitextension;
				PRODUCT_NAME = "${TARGET_NAME}";
				SDKROOT = watchos;
				SKIP_INSTALL = YES;
				SWIFT_EMIT_LOC_STRINGS = YES;
				SWIFT_VERSION = 5.0;
				TARGETED_DEVICE_FAMILY = 4;
				WATCHOS_DEPLOYMENT_TARGET = 8.5;
			};
			name = Debug;
		};
		B6C34A95294A68060006A075 /* Release */ = {
			isa = XCBuildConfiguration;
			buildSettings = {
				ASSETCATALOG_COMPILER_COMPLICATION_NAME = Complication;
				CODE_SIGN_STYLE = Automatic;
				CURRENT_PROJECT_VERSION = 1;
				GENERATE_INFOPLIST_FILE = YES;
				INFOPLIST_FILE = "watchApp2 WatchKit Extension/Info.plist";
				INFOPLIST_KEY_CFBundleDisplayName = "watchApp2 WatchKit Extension";
				INFOPLIST_KEY_CLKComplicationPrincipalClass = "$(PRODUCT_MODULE_NAME).ComplicationController";
				INFOPLIST_KEY_NSHumanReadableCopyright = "";
				INFOPLIST_KEY_WKExtensionDelegateClassName = "$(PRODUCT_MODULE_NAME).ExtensionDelegate";
				INFOPLIST_KEY_WKWatchOnly = YES;
				LD_RUNPATH_SEARCH_PATHS = (
					"$(inherited)",
					"@executable_path/Frameworks",
					"@executable_path/../../Frameworks",
				);
				MARKETING_VERSION = 1.0;
				PRODUCT_BUNDLE_IDENTIFIER = edu.gmu.watchApp2.watchkitapp.watchkitextension;
				PRODUCT_NAME = "${TARGET_NAME}";
				SDKROOT = watchos;
				SKIP_INSTALL = YES;
				SWIFT_EMIT_LOC_STRINGS = YES;
				SWIFT_VERSION = 5.0;
				TARGETED_DEVICE_FAMILY = 4;
				WATCHOS_DEPLOYMENT_TARGET = 8.5;
			};
			name = Release;
		};
		B6C34A98294A68060006A075 /* Debug */ = {
			isa = XCBuildConfiguration;
			buildSettings = {
				ASSETCATALOG_COMPILER_APPICON_NAME = AppIcon;
				ASSETCATALOG_COMPILER_GLOBAL_ACCENT_COLOR_NAME = AccentColor;
				CODE_SIGN_STYLE = Automatic;
				CURRENT_PROJECT_VERSION = 1;
				GENERATE_INFOPLIST_FILE = YES;
				IBSC_MODULE = watchApp2_WatchKit_Extension;
				INFOPLIST_KEY_CFBundleDisplayName = "watchApp2 WatchKit App";
				INFOPLIST_KEY_UISupportedInterfaceOrientations = "UIInterfaceOrientationPortrait UIInterfaceOrientationPortraitUpsideDown";
				MARKETING_VERSION = 1.0;
				PRODUCT_BUNDLE_IDENTIFIER = edu.gmu.watchApp2.watchkitapp;
				PRODUCT_NAME = "$(TARGET_NAME)";
				SDKROOT = watchos;
				SKIP_INSTALL = YES;
				SWIFT_EMIT_LOC_STRINGS = YES;
				SWIFT_VERSION = 5.0;
				TARGETED_DEVICE_FAMILY = 4;
				WATCHOS_DEPLOYMENT_TARGET = 8.5;
			};
			name = Debug;
		};
		B6C34A99294A68060006A075 /* Release */ = {
			isa = XCBuildConfiguration;
			buildSettings = {
				ASSETCATALOG_COMPILER_APPICON_NAME = AppIcon;
				ASSETCATALOG_COMPILER_GLOBAL_ACCENT_COLOR_NAME = AccentColor;
				CODE_SIGN_STYLE = Automatic;
				CURRENT_PROJECT_VERSION = 1;
				GENERATE_INFOPLIST_FILE = YES;
				IBSC_MODULE = watchApp2_WatchKit_Extension;
				INFOPLIST_KEY_CFBundleDisplayName = "watchApp2 WatchKit App";
				INFOPLIST_KEY_UISupportedInterfaceOrientations = "UIInterfaceOrientationPortrait UIInterfaceOrientationPortraitUpsideDown";
				MARKETING_VERSION = 1.0;
				PRODUCT_BUNDLE_IDENTIFIER = edu.gmu.watchApp2.watchkitapp;
				PRODUCT_NAME = "$(TARGET_NAME)";
				SDKROOT = watchos;
				SKIP_INSTALL = YES;
				SWIFT_EMIT_LOC_STRINGS = YES;
				SWIFT_VERSION = 5.0;
				TARGETED_DEVICE_FAMILY = 4;
				WATCHOS_DEPLOYMENT_TARGET = 8.5;
			};
			name = Release;
		};
		B6C34A9C294A68060006A075 /* Debug */ = {
			isa = XCBuildConfiguration;
			buildSettings = {
				CODE_SIGN_STYLE = Automatic;
				CURRENT_PROJECT_VERSION = 1;
				MARKETING_VERSION = 1.0;
				PRODUCT_BUNDLE_IDENTIFIER = edu.gmu.watchApp2;
				PRODUCT_NAME = "$(TARGET_NAME)";
				SWIFT_VERSION = 5.0;
			};
			name = Debug;
		};
		B6C34A9D294A68060006A075 /* Release */ = {
			isa = XCBuildConfiguration;
			buildSettings = {
				CODE_SIGN_STYLE = Automatic;
				CURRENT_PROJECT_VERSION = 1;
				MARKETING_VERSION = 1.0;
				PRODUCT_BUNDLE_IDENTIFIER = edu.gmu.watchApp2;
				PRODUCT_NAME = "$(TARGET_NAME)";
				SWIFT_VERSION = 5.0;
			};
			name = Release;
		};
/* End XCBuildConfiguration section */

/* Begin XCConfigurationList section */
		B6C34A3C294A64430006A075 /* Build configuration list for PBXProject "watchApp" */ = {
			isa = XCConfigurationList;
			buildConfigurations = (
				B6C34A62294A64480006A075 /* Debug */,
				B6C34A63294A64480006A075 /* Release */,
			);
			defaultConfigurationIsVisible = 0;
			defaultConfigurationName = Release;
		};
		B6C34A64294A64480006A075 /* Build configuration list for PBXNativeTarget "watchApp WatchKit Extension" */ = {
			isa = XCConfigurationList;
			buildConfigurations = (
				B6C34A65294A64480006A075 /* Debug */,
				B6C34A66294A64480006A075 /* Release */,
			);
			defaultConfigurationIsVisible = 0;
			defaultConfigurationName = Release;
		};
		B6C34A68294A64480006A075 /* Build configuration list for PBXNativeTarget "watchApp WatchKit App" */ = {
			isa = XCConfigurationList;
			buildConfigurations = (
				B6C34A69294A64480006A075 /* Debug */,
				B6C34A6A294A64480006A075 /* Release */,
			);
			defaultConfigurationIsVisible = 0;
			defaultConfigurationName = Release;
		};
		B6C34A6C294A64480006A075 /* Build configuration list for PBXNativeTarget "watchApp" */ = {
			isa = XCConfigurationList;
			buildConfigurations = (
				B6C34A6D294A64480006A075 /* Debug */,
				B6C34A6E294A64480006A075 /* Release */,
			);
			defaultConfigurationIsVisible = 0;
			defaultConfigurationName = Release;
		};
		B6C34A93294A68060006A075 /* Build configuration list for PBXNativeTarget "watchApp2 WatchKit Extension" */ = {
			isa = XCConfigurationList;
			buildConfigurations = (
				B6C34A94294A68060006A075 /* Debug */,
				B6C34A95294A68060006A075 /* Release */,
			);
			defaultConfigurationIsVisible = 0;
			defaultConfigurationName = Release;
		};
		B6C34A97294A68060006A075 /* Build configuration list for PBXNativeTarget "watchApp2 WatchKit App" */ = {
			isa = XCConfigurationList;
			buildConfigurations = (
				B6C34A98294A68060006A075 /* Debug */,
				B6C34A99294A68060006A075 /* Release */,
			);
			defaultConfigurationIsVisible = 0;
			defaultConfigurationName = Release;
		};
		B6C34A9B294A68060006A075 /* Build configuration list for PBXNativeTarget "watchApp2" */ = {
			isa = XCConfigurationList;
			buildConfigurations = (
				B6C34A9C294A68060006A075 /* Debug */,
				B6C34A9D294A68060006A075 /* Release */,
			);
			defaultConfigurationIsVisible = 0;
			defaultConfigurationName = Release;
		};
/* End XCConfigurationList section */
	};
	rootObject = B6C34A39294A64430006A075 /* Project object */;
}
